
Microsoft Visual Studio Solution File, Format Version 12.00
# Visual Studio 15
VisualStudioVersion = 15.0.28307.168
MinimumVisualStudioVersion = 10.0.40219.1
Project("{FAE04EC0-301F-11D3-BF4B-00C04F79EFBC}") = "CRM_Import_Solution", "CRM_Import_Solution\CRM_Import_Solution.csproj", "{1951E882-A380-4ECF-9096-871DA599105B}"
EndProject
Global
	GlobalSection(SolutionConfigurationPlatforms) = preSolution
		Debug|Any CPU = Debug|Any CPU
		Release|Any CPU = Release|Any CPU
	EndGlobalSection
	GlobalSection(ProjectConfigurationPlatforms) = postSolution
		{1951E882-A380-4ECF-9096-871DA599105B}.Debug|Any CPU.ActiveCfg = Debug|Any CPU
		{1951E882-A380-4ECF-9096-871DA599105B}.Debug|Any CPU.Build.0 = Debug|Any CPU
		{1951E882-A380-4ECF-9096-871DA599105B}.Release|Any CPU.ActiveCfg = Release|Any CPU
		{1951E882-A380-4ECF-9096-871DA599105B}.Release|Any CPU.Build.0 = Release|Any CPU
	EndGlobalSection
	GlobalSection(SolutionProperties) = preSolution
		HideSolutionNode = FALSE
	EndGlobalSection
	GlobalSection(ExtensibilityGlobals) = postSolution
		SolutionGuid = {54A085BC-120B-4767-83F7-C23CB19817E2}
	EndGlobalSection
EndGlobal
